
Microsoft Visual Studio Solution File, Format Version 12.00
# Visual Studio 15
VisualStudioVersion = 15.0.26730.12
MinimumVisualStudioVersion = 10.0.40219.1
Project("{FAE04EC0-301F-11D3-BF4B-00C04F79EFBC}") = "22Task", "22Task\22Task.csproj", "{EB3C3D2D-419D-474D-A0C2-BE5B53848DA9}"
EndProject
Global
	GlobalSection(SolutionConfigurationPlatforms) = preSolution
		Debug|Any CPU = Debug|Any CPU
		Release|Any CPU = Release|Any CPU
	EndGlobalSection
	GlobalSection(ProjectConfigurationPlatforms) = postSolution
		{EB3C3D2D-419D-474D-A0C2-BE5B53848DA9}.Debug|Any CPU.ActiveCfg = Debug|Any CPU
		{EB3C3D2D-419D-474D-A0C2-BE5B53848DA9}.Debug|Any CPU.Build.0 = Debug|Any CPU
		{EB3C3D2D-419D-474D-A0C2-BE5B53848DA9}.Release|Any CPU.ActiveCfg = Release|Any CPU
		{EB3C3D2D-419D-474D-A0C2-BE5B53848DA9}.Release|Any CPU.Build.0 = Release|Any CPU
	EndGlobalSection
	GlobalSection(SolutionProperties) = preSolution
		HideSolutionNode = FALSE
	EndGlobalSection
	GlobalSection(ExtensibilityGlobals) = postSolution
		SolutionGuid = {D774FF67-59E7-460B-B419-E2A1E5E72D62}
	EndGlobalSection
EndGlobal
