
Microsoft Visual Studio Solution File, Format Version 12.00
# Visual Studio 15
VisualStudioVersion = 15.0.27004.2006
MinimumVisualStudioVersion = 10.0.40219.1
Project("{FAE04EC0-301F-11D3-BF4B-00C04F79EFBC}") = "Week_10_Project", "Week_10_Project\Week_10_Project.csproj", "{CA9173A1-16C0-4473-B069-205382B41424}"
EndProject
Global
	GlobalSection(SolutionConfigurationPlatforms) = preSolution
		Debug|Any CPU = Debug|Any CPU
		Release|Any CPU = Release|Any CPU
	EndGlobalSection
	GlobalSection(ProjectConfigurationPlatforms) = postSolution
		{CA9173A1-16C0-4473-B069-205382B41424}.Debug|Any CPU.ActiveCfg = Debug|Any CPU
		{CA9173A1-16C0-4473-B069-205382B41424}.Debug|Any CPU.Build.0 = Debug|Any CPU
		{CA9173A1-16C0-4473-B069-205382B41424}.Release|Any CPU.ActiveCfg = Release|Any CPU
		{CA9173A1-16C0-4473-B069-205382B41424}.Release|Any CPU.Build.0 = Release|Any CPU
	EndGlobalSection
	GlobalSection(SolutionProperties) = preSolution
		HideSolutionNode = FALSE
	EndGlobalSection
	GlobalSection(ExtensibilityGlobals) = postSolution
		SolutionGuid = {771EC75B-586B-4732-BED3-37D4FCD9BC6B}
	EndGlobalSection
EndGlobal
