
Microsoft Visual Studio Solution File, Format Version 12.00
# Visual Studio 15
VisualStudioVersion = 15.0.26730.15
MinimumVisualStudioVersion = 10.0.40219.1
Project("{FAE04EC0-301F-11D3-BF4B-00C04F79EFBC}") = "Task27", "Task27\Task27.csproj", "{D6806C84-361E-4DD7-BC34-FD5D53CD445F}"
EndProject
Global
	GlobalSection(SolutionConfigurationPlatforms) = preSolution
		Debug|Any CPU = Debug|Any CPU
		Release|Any CPU = Release|Any CPU
	EndGlobalSection
	GlobalSection(ProjectConfigurationPlatforms) = postSolution
		{D6806C84-361E-4DD7-BC34-FD5D53CD445F}.Debug|Any CPU.ActiveCfg = Debug|Any CPU
		{D6806C84-361E-4DD7-BC34-FD5D53CD445F}.Debug|Any CPU.Build.0 = Debug|Any CPU
		{D6806C84-361E-4DD7-BC34-FD5D53CD445F}.Release|Any CPU.ActiveCfg = Release|Any CPU
		{D6806C84-361E-4DD7-BC34-FD5D53CD445F}.Release|Any CPU.Build.0 = Release|Any CPU
	EndGlobalSection
	GlobalSection(SolutionProperties) = preSolution
		HideSolutionNode = FALSE
	EndGlobalSection
	GlobalSection(ExtensibilityGlobals) = postSolution
		SolutionGuid = {94072BA1-43BF-45A0-8EA2-0006E0441A93}
	EndGlobalSection
EndGlobal
