
Microsoft Visual Studio Solution File, Format Version 12.00
# Visual Studio 15
VisualStudioVersion = 15.0.26730.15
MinimumVisualStudioVersion = 10.0.40219.1
Project("{FAE04EC0-301F-11D3-BF4B-00C04F79EFBC}") = "Task7", "Task7\Task7.csproj", "{947D13A7-BC16-4DF7-915C-231AE80DA229}"
EndProject
Global
	GlobalSection(SolutionConfigurationPlatforms) = preSolution
		Debug|Any CPU = Debug|Any CPU
		Release|Any CPU = Release|Any CPU
	EndGlobalSection
	GlobalSection(ProjectConfigurationPlatforms) = postSolution
		{947D13A7-BC16-4DF7-915C-231AE80DA229}.Debug|Any CPU.ActiveCfg = Debug|Any CPU
		{947D13A7-BC16-4DF7-915C-231AE80DA229}.Debug|Any CPU.Build.0 = Debug|Any CPU
		{947D13A7-BC16-4DF7-915C-231AE80DA229}.Release|Any CPU.ActiveCfg = Release|Any CPU
		{947D13A7-BC16-4DF7-915C-231AE80DA229}.Release|Any CPU.Build.0 = Release|Any CPU
	EndGlobalSection
	GlobalSection(SolutionProperties) = preSolution
		HideSolutionNode = FALSE
	EndGlobalSection
	GlobalSection(ExtensibilityGlobals) = postSolution
		SolutionGuid = {E396D666-C0BE-487C-A4A9-6DDDA3F693B3}
	EndGlobalSection
EndGlobal
