
Microsoft Visual Studio Solution File, Format Version 12.00
# Visual Studio 15
VisualStudioVersion = 15.0.26730.12
MinimumVisualStudioVersion = 10.0.40219.1
Project("{FAE04EC0-301F-11D3-BF4B-00C04F79EFBC}") = "29Task", "25Task\29Task.csproj", "{9B48E798-A607-44D8-B934-E91388C6DABB}"
EndProject
Global
	GlobalSection(SolutionConfigurationPlatforms) = preSolution
		Debug|Any CPU = Debug|Any CPU
		Release|Any CPU = Release|Any CPU
	EndGlobalSection
	GlobalSection(ProjectConfigurationPlatforms) = postSolution
		{9B48E798-A607-44D8-B934-E91388C6DABB}.Debug|Any CPU.ActiveCfg = Debug|Any CPU
		{9B48E798-A607-44D8-B934-E91388C6DABB}.Debug|Any CPU.Build.0 = Debug|Any CPU
		{9B48E798-A607-44D8-B934-E91388C6DABB}.Release|Any CPU.ActiveCfg = Release|Any CPU
		{9B48E798-A607-44D8-B934-E91388C6DABB}.Release|Any CPU.Build.0 = Release|Any CPU
	EndGlobalSection
	GlobalSection(SolutionProperties) = preSolution
		HideSolutionNode = FALSE
	EndGlobalSection
	GlobalSection(ExtensibilityGlobals) = postSolution
		SolutionGuid = {16362F12-327F-428D-B51A-10828AA5D002}
	EndGlobalSection
EndGlobal
