
Microsoft Visual Studio Solution File, Format Version 12.00
# Visual Studio 15
VisualStudioVersion = 15.0.27004.2005
MinimumVisualStudioVersion = 10.0.40219.1
Project("{FAE04EC0-301F-11D3-BF4B-00C04F79EFBC}") = "Todos", "Todos\Todos.csproj", "{471D33AF-5400-4593-BCA1-B0F1EBE9A8EA}"
EndProject
Global
	GlobalSection(SolutionConfigurationPlatforms) = preSolution
		Debug|Any CPU = Debug|Any CPU
		Release|Any CPU = Release|Any CPU
	EndGlobalSection
	GlobalSection(ProjectConfigurationPlatforms) = postSolution
		{471D33AF-5400-4593-BCA1-B0F1EBE9A8EA}.Debug|Any CPU.ActiveCfg = Debug|Any CPU
		{471D33AF-5400-4593-BCA1-B0F1EBE9A8EA}.Debug|Any CPU.Build.0 = Debug|Any CPU
		{471D33AF-5400-4593-BCA1-B0F1EBE9A8EA}.Release|Any CPU.ActiveCfg = Release|Any CPU
		{471D33AF-5400-4593-BCA1-B0F1EBE9A8EA}.Release|Any CPU.Build.0 = Release|Any CPU
	EndGlobalSection
	GlobalSection(SolutionProperties) = preSolution
		HideSolutionNode = FALSE
	EndGlobalSection
	GlobalSection(ExtensibilityGlobals) = postSolution
		SolutionGuid = {76C1D299-E1A1-428D-B4B3-7A552888BE5E}
	EndGlobalSection
EndGlobal
