
Microsoft Visual Studio Solution File, Format Version 12.00
# Visual Studio 15
VisualStudioVersion = 15.0.26730.15
MinimumVisualStudioVersion = 10.0.40219.1
Project("{FAE04EC0-301F-11D3-BF4B-00C04F79EFBC}") = "Task28", "Task28\Task28.csproj", "{A0CE785E-950F-4C08-84CA-8D0594AE5CB1}"
EndProject
Global
	GlobalSection(SolutionConfigurationPlatforms) = preSolution
		Debug|Any CPU = Debug|Any CPU
		Release|Any CPU = Release|Any CPU
	EndGlobalSection
	GlobalSection(ProjectConfigurationPlatforms) = postSolution
		{A0CE785E-950F-4C08-84CA-8D0594AE5CB1}.Debug|Any CPU.ActiveCfg = Debug|Any CPU
		{A0CE785E-950F-4C08-84CA-8D0594AE5CB1}.Debug|Any CPU.Build.0 = Debug|Any CPU
		{A0CE785E-950F-4C08-84CA-8D0594AE5CB1}.Release|Any CPU.ActiveCfg = Release|Any CPU
		{A0CE785E-950F-4C08-84CA-8D0594AE5CB1}.Release|Any CPU.Build.0 = Release|Any CPU
	EndGlobalSection
	GlobalSection(SolutionProperties) = preSolution
		HideSolutionNode = FALSE
	EndGlobalSection
	GlobalSection(ExtensibilityGlobals) = postSolution
		SolutionGuid = {AF59B2F7-27FE-4E85-8AE5-4C9E87C0F74B}
	EndGlobalSection
EndGlobal
