
Microsoft Visual Studio Solution File, Format Version 12.00
# Visual Studio 15
VisualStudioVersion = 15.0.26730.16
MinimumVisualStudioVersion = 10.0.40219.1
Project("{FAE04EC0-301F-11D3-BF4B-00C04F79EFBC}") = "FunctionToCenter", "FunctionToCenter\FunctionToCenter.csproj", "{CF03FF20-8435-4CBF-BF65-EBB29E1B1331}"
EndProject
Global
	GlobalSection(SolutionConfigurationPlatforms) = preSolution
		Debug|Any CPU = Debug|Any CPU
		Release|Any CPU = Release|Any CPU
	EndGlobalSection
	GlobalSection(ProjectConfigurationPlatforms) = postSolution
		{CF03FF20-8435-4CBF-BF65-EBB29E1B1331}.Debug|Any CPU.ActiveCfg = Debug|Any CPU
		{CF03FF20-8435-4CBF-BF65-EBB29E1B1331}.Debug|Any CPU.Build.0 = Debug|Any CPU
		{CF03FF20-8435-4CBF-BF65-EBB29E1B1331}.Release|Any CPU.ActiveCfg = Release|Any CPU
		{CF03FF20-8435-4CBF-BF65-EBB29E1B1331}.Release|Any CPU.Build.0 = Release|Any CPU
	EndGlobalSection
	GlobalSection(SolutionProperties) = preSolution
		HideSolutionNode = FALSE
	EndGlobalSection
	GlobalSection(ExtensibilityGlobals) = postSolution
		SolutionGuid = {8FFD26FC-A06B-4A6B-AD69-E18A1F866262}
	EndGlobalSection
EndGlobal
