
Microsoft Visual Studio Solution File, Format Version 12.00
# Visual Studio 15
VisualStudioVersion = 15.0.27004.2002
MinimumVisualStudioVersion = 10.0.40219.1
Project("{FAE04EC0-301F-11D3-BF4B-00C04F79EFBC}") = "CandyShop2.0", "CandyShop2.0\CandyShop2.0.csproj", "{C64D5030-428C-4D50-9617-DED9B760472D}"
EndProject
Global
	GlobalSection(SolutionConfigurationPlatforms) = preSolution
		Debug|Any CPU = Debug|Any CPU
		Release|Any CPU = Release|Any CPU
	EndGlobalSection
	GlobalSection(ProjectConfigurationPlatforms) = postSolution
		{C64D5030-428C-4D50-9617-DED9B760472D}.Debug|Any CPU.ActiveCfg = Debug|Any CPU
		{C64D5030-428C-4D50-9617-DED9B760472D}.Debug|Any CPU.Build.0 = Debug|Any CPU
		{C64D5030-428C-4D50-9617-DED9B760472D}.Release|Any CPU.ActiveCfg = Release|Any CPU
		{C64D5030-428C-4D50-9617-DED9B760472D}.Release|Any CPU.Build.0 = Release|Any CPU
	EndGlobalSection
	GlobalSection(SolutionProperties) = preSolution
		HideSolutionNode = FALSE
	EndGlobalSection
	GlobalSection(ExtensibilityGlobals) = postSolution
		SolutionGuid = {A7D9C40C-8E12-4802-AF39-E3F697EB06D9}
	EndGlobalSection
EndGlobal
