
Microsoft Visual Studio Solution File, Format Version 12.00
# Visual Studio 15
VisualStudioVersion = 15.0.26730.12
MinimumVisualStudioVersion = 10.0.40219.1
Project("{FAE04EC0-301F-11D3-BF4B-00C04F79EFBC}") = "Task4", "Task4\Task4.csproj", "{32B95482-6F0A-486C-8E82-D3C49CB499F6}"
EndProject
Global
	GlobalSection(SolutionConfigurationPlatforms) = preSolution
		Debug|Any CPU = Debug|Any CPU
		Release|Any CPU = Release|Any CPU
	EndGlobalSection
	GlobalSection(ProjectConfigurationPlatforms) = postSolution
		{32B95482-6F0A-486C-8E82-D3C49CB499F6}.Debug|Any CPU.ActiveCfg = Debug|Any CPU
		{32B95482-6F0A-486C-8E82-D3C49CB499F6}.Debug|Any CPU.Build.0 = Debug|Any CPU
		{32B95482-6F0A-486C-8E82-D3C49CB499F6}.Release|Any CPU.ActiveCfg = Release|Any CPU
		{32B95482-6F0A-486C-8E82-D3C49CB499F6}.Release|Any CPU.Build.0 = Release|Any CPU
	EndGlobalSection
	GlobalSection(SolutionProperties) = preSolution
		HideSolutionNode = FALSE
	EndGlobalSection
	GlobalSection(ExtensibilityGlobals) = postSolution
		SolutionGuid = {E6590658-39EA-42CF-9250-92AC2DC6CAFE}
	EndGlobalSection
EndGlobal
