
Microsoft Visual Studio Solution File, Format Version 12.00
# Visual Studio 15
VisualStudioVersion = 15.0.26730.15
MinimumVisualStudioVersion = 10.0.40219.1
Project("{FAE04EC0-301F-11D3-BF4B-00C04F79EFBC}") = "Task6", "Task6\Task6.csproj", "{22B8430F-0DA6-4FB1-BD05-543D2BFEC10A}"
EndProject
Global
	GlobalSection(SolutionConfigurationPlatforms) = preSolution
		Debug|Any CPU = Debug|Any CPU
		Release|Any CPU = Release|Any CPU
	EndGlobalSection
	GlobalSection(ProjectConfigurationPlatforms) = postSolution
		{22B8430F-0DA6-4FB1-BD05-543D2BFEC10A}.Debug|Any CPU.ActiveCfg = Debug|Any CPU
		{22B8430F-0DA6-4FB1-BD05-543D2BFEC10A}.Debug|Any CPU.Build.0 = Debug|Any CPU
		{22B8430F-0DA6-4FB1-BD05-543D2BFEC10A}.Release|Any CPU.ActiveCfg = Release|Any CPU
		{22B8430F-0DA6-4FB1-BD05-543D2BFEC10A}.Release|Any CPU.Build.0 = Release|Any CPU
	EndGlobalSection
	GlobalSection(SolutionProperties) = preSolution
		HideSolutionNode = FALSE
	EndGlobalSection
	GlobalSection(ExtensibilityGlobals) = postSolution
		SolutionGuid = {959E12DA-9DA4-4B55-8BA2-C4ABA9656C8E}
	EndGlobalSection
EndGlobal
