
Microsoft Visual Studio Solution File, Format Version 12.00
# Visual Studio 15
VisualStudioVersion = 15.0.26730.15
MinimumVisualStudioVersion = 10.0.40219.1
Project("{FAE04EC0-301F-11D3-BF4B-00C04F79EFBC}") = "Task6", "Task6\Task6.csproj", "{BDDC55FA-1A64-467E-954F-B3AA22D8DB54}"
EndProject
Global
	GlobalSection(SolutionConfigurationPlatforms) = preSolution
		Debug|Any CPU = Debug|Any CPU
		Release|Any CPU = Release|Any CPU
	EndGlobalSection
	GlobalSection(ProjectConfigurationPlatforms) = postSolution
		{BDDC55FA-1A64-467E-954F-B3AA22D8DB54}.Debug|Any CPU.ActiveCfg = Debug|Any CPU
		{BDDC55FA-1A64-467E-954F-B3AA22D8DB54}.Debug|Any CPU.Build.0 = Debug|Any CPU
		{BDDC55FA-1A64-467E-954F-B3AA22D8DB54}.Release|Any CPU.ActiveCfg = Release|Any CPU
		{BDDC55FA-1A64-467E-954F-B3AA22D8DB54}.Release|Any CPU.Build.0 = Release|Any CPU
	EndGlobalSection
	GlobalSection(SolutionProperties) = preSolution
		HideSolutionNode = FALSE
	EndGlobalSection
	GlobalSection(ExtensibilityGlobals) = postSolution
		SolutionGuid = {4C60BE9F-1987-4325-8C1A-95F85997CD8E}
	EndGlobalSection
EndGlobal
