
Microsoft Visual Studio Solution File, Format Version 12.00
# Visual Studio 15
VisualStudioVersion = 15.0.26730.16
MinimumVisualStudioVersion = 10.0.40219.1
Project("{FAE04EC0-301F-11D3-BF4B-00C04F79EFBC}") = "WpfApp1", "WpfApp1\WpfApp1.csproj", "{F873F9C5-9AE9-446E-89F2-1C5F205302B2}"
EndProject
Global
	GlobalSection(SolutionConfigurationPlatforms) = preSolution
		Debug|Any CPU = Debug|Any CPU
		Release|Any CPU = Release|Any CPU
	EndGlobalSection
	GlobalSection(ProjectConfigurationPlatforms) = postSolution
		{F873F9C5-9AE9-446E-89F2-1C5F205302B2}.Debug|Any CPU.ActiveCfg = Debug|Any CPU
		{F873F9C5-9AE9-446E-89F2-1C5F205302B2}.Debug|Any CPU.Build.0 = Debug|Any CPU
		{F873F9C5-9AE9-446E-89F2-1C5F205302B2}.Release|Any CPU.ActiveCfg = Release|Any CPU
		{F873F9C5-9AE9-446E-89F2-1C5F205302B2}.Release|Any CPU.Build.0 = Release|Any CPU
	EndGlobalSection
	GlobalSection(SolutionProperties) = preSolution
		HideSolutionNode = FALSE
	EndGlobalSection
	GlobalSection(ExtensibilityGlobals) = postSolution
		SolutionGuid = {C4455491-6C6B-4A4D-9D21-9166ED9D3C67}
	EndGlobalSection
EndGlobal
